{
    "_readme": [
        "This file locks the dependencies of your project to a known state",
        "Read more about it at https://getcomposer.org/doc/01-basic-usage.md#installing-dependencies",
        "This file is @generated automatically"
    ],
    "content-hash": "7aae3305e95c2c2d3e4f94a25b6a1e5d",
    "packages": [
        {
            "name": "bitexpert/phpstan-magento",
            "version": "v0.24.0",
            "source": {
                "type": "git",
                "url": "https://github.com/bitExpert/phpstan-magento.git",
                "reference": "ed74d2528b419e07d978a52321a4370b42985b5a"
            },
            "dist": {
                "type": "zip",
                "url": "https://api.github.com/repos/bitExpert/phpstan-magento/zipball/ed74d2528b419e07d978a52321a4370b42985b5a",
                "reference": "ed74d2528b419e07d978a52321a4370b42985b5a",
                "shasum": ""
            },
            "require": {
                "ext-dom": "*",
                "laminas/laminas-code": "~3.3.0 || ~3.4.1 || ~3.5.1 || ~4.5.0 || ~4.5.2",
                "php": "^7.2.0 || ^8.1.0",
                "phpstan/phpstan": "~1.8.2",
                "symfony/finder": "^3.0 || ^4.0 || ^5.0 || ^6.0"
            },
            "conflict": {
                "magento/framework": "<102.0.0"
            },
            "require-dev": {
                "captainhook/captainhook": "^5.10.8",
                "captainhook/plugin-composer": "^5.3.3",
                "league/commonmark": "^2.2.3",
                "madewithlove/license-checker": "^0.10.0 || ^1.2",
                "magento/framework": ">=102.0.0",
                "mikey179/vfsstream": "^1.6.10",
                "nette/neon": "^3.3.3",
                "nikic/php-parser": "^4.13.2",
                "phpstan/extension-installer": "^1.1.0",
                "phpstan/phpstan-phpunit": "^1.1.1",
                "phpstan/phpstan-strict-rules": "^1.2.0",
                "phpunit/phpunit": "^9.5.19",
                "squizlabs/php_codesniffer": "^3.6.2"
            },
            "type": "phpstan-extension",
            "extra": {
                "phpstan": {
                    "includes": [
                        "extension.neon"
                    ]
                }
            },
            "autoload": {
                "psr-4": {
                    "bitExpert\\PHPStan\\": "src/bitExpert/PHPStan"
                }
            },
            "notification-url": "https://packagist.org/downloads/",
            "license": [
                "MIT"
            ],
            "authors": [
                {
                    "name": "Stephan Hochdörfer",
                    "email": "S.Hochdoerfer@bitExpert.de",
                    "homepage": "http://www.bitExpert.de"
                }
            ],
            "description": "PHPStan Magento Extension",
            "support": {
                "issues": "https://github.com/bitExpert/phpstan-magento/issues",
                "source": "https://github.com/bitExpert/phpstan-magento/tree/v0.24.0"
            },
            "time": "2022-08-13T08:42:09+00:00"
        },
        {
            "name": "laminas/laminas-code",
            "version": "4.5.2",
            "source": {
                "type": "git",
                "url": "https://github.com/laminas/laminas-code.git",
                "reference": "da01fb74c08f37e20e7ae49f1e3ee09aa401ebad"
            },
            "dist": {
                "type": "zip",
                "url": "https://api.github.com/repos/laminas/laminas-code/zipball/da01fb74c08f37e20e7ae49f1e3ee09aa401ebad",
                "reference": "da01fb74c08f37e20e7ae49f1e3ee09aa401ebad",
                "shasum": ""
            },
            "require": {
                "php": ">=7.4, <8.2"
            },
            "require-dev": {
                "doctrine/annotations": "^1.13.2",
                "ext-phar": "*",
                "laminas/laminas-coding-standard": "^2.3.0",
                "laminas/laminas-stdlib": "^3.6.1",
                "phpunit/phpunit": "^9.5.10",
                "psalm/plugin-phpunit": "^0.16.1",
                "vimeo/psalm": "^4.13.1"
            },
            "suggest": {
                "doctrine/annotations": "Doctrine\\Common\\Annotations >=1.0 for annotation features",
                "laminas/laminas-stdlib": "Laminas\\Stdlib component"
            },
            "type": "library",
            "autoload": {
                "files": [
                    "polyfill/ReflectionEnumPolyfill.php"
                ],
                "psr-4": {
                    "Laminas\\Code\\": "src/"
                }
            },
            "notification-url": "https://packagist.org/downloads/",
            "license": [
                "BSD-3-Clause"
            ],
            "description": "Extensions to the PHP Reflection API, static code scanning, and code generation",
            "homepage": "https://laminas.dev",
            "keywords": [
                "code",
                "laminas",
                "laminasframework"
            ],
            "support": {
                "chat": "https://laminas.dev/chat",
                "docs": "https://docs.laminas.dev/laminas-code/",
                "forum": "https://discourse.laminas.dev",
                "issues": "https://github.com/laminas/laminas-code/issues",
                "rss": "https://github.com/laminas/laminas-code/releases.atom",
                "source": "https://github.com/laminas/laminas-code"
            },
            "funding": [
                {
                    "url": "https://funding.communitybridge.org/projects/laminas-project",
                    "type": "community_bridge"
                }
            ],
            "time": "2022-06-06T11:26:02+00:00"
        },
        {
            "name": "phpstan/extension-installer",
            "version": "1.1.0",
            "source": {
                "type": "git",
                "url": "https://github.com/phpstan/extension-installer.git",
                "reference": "66c7adc9dfa38b6b5838a9fb728b68a7d8348051"
            },
            "dist": {
                "type": "zip",
                "url": "https://api.github.com/repos/phpstan/extension-installer/zipball/66c7adc9dfa38b6b5838a9fb728b68a7d8348051",
                "reference": "66c7adc9dfa38b6b5838a9fb728b68a7d8348051",
                "shasum": ""
            },
            "require": {
                "composer-plugin-api": "^1.1 || ^2.0",
                "php": "^7.1 || ^8.0",
                "phpstan/phpstan": ">=0.11.6"
            },
            "require-dev": {
                "composer/composer": "^1.8",
                "phing/phing": "^2.16.3",
                "php-parallel-lint/php-parallel-lint": "^1.2.0",
                "phpstan/phpstan-strict-rules": "^0.11 || ^0.12"
            },
            "type": "composer-plugin",
            "extra": {
                "class": "PHPStan\\ExtensionInstaller\\Plugin"
            },
            "autoload": {
                "psr-4": {
                    "PHPStan\\ExtensionInstaller\\": "src/"
                }
            },
            "notification-url": "https://packagist.org/downloads/",
            "license": [
                "MIT"
            ],
            "description": "Composer plugin for automatic installation of PHPStan extensions",
            "support": {
                "issues": "https://github.com/phpstan/extension-installer/issues",
                "source": "https://github.com/phpstan/extension-installer/tree/1.1.0"
            },
            "time": "2020-12-13T13:06:13+00:00"
        },
        {
            "name": "phpstan/phpstan",
            "version": "1.8.2",
            "source": {
                "type": "git",
                "url": "https://github.com/phpstan/phpstan.git",
                "reference": "c53312ecc575caf07b0e90dee43883fdf90ca67c"
            },
            "dist": {
                "type": "zip",
                "url": "https://api.github.com/repos/phpstan/phpstan/zipball/c53312ecc575caf07b0e90dee43883fdf90ca67c",
                "reference": "c53312ecc575caf07b0e90dee43883fdf90ca67c",
                "shasum": ""
            },
            "require": {
                "php": "^7.2|^8.0"
            },
            "conflict": {
                "phpstan/phpstan-shim": "*"
            },
            "bin": [
                "phpstan",
                "phpstan.phar"
            ],
            "type": "library",
            "autoload": {
                "files": [
                    "bootstrap.php"
                ]
            },
            "notification-url": "https://packagist.org/downloads/",
            "license": [
                "MIT"
            ],
            "description": "PHPStan - PHP Static Analysis Tool",
            "support": {
                "issues": "https://github.com/phpstan/phpstan/issues",
                "source": "https://github.com/phpstan/phpstan/tree/1.8.2"
            },
            "funding": [
                {
                    "url": "https://github.com/ondrejmirtes",
                    "type": "github"
                },
                {
                    "url": "https://github.com/phpstan",
                    "type": "github"
                },
                {
                    "url": "https://www.patreon.com/phpstan",
                    "type": "patreon"
                },
                {
                    "url": "https://tidelift.com/funding/github/packagist/phpstan/phpstan",
                    "type": "tidelift"
                }
            ],
            "time": "2022-07-20T09:57:31+00:00"
        },
        {
            "name": "phpstan/phpstan-deprecation-rules",
            "version": "1.0.0",
            "source": {
                "type": "git",
                "url": "https://github.com/phpstan/phpstan-deprecation-rules.git",
                "reference": "e5ccafb0dd8d835dd65d8d7a1a0d2b1b75414682"
            },
            "dist": {
                "type": "zip",
                "url": "https://api.github.com/repos/phpstan/phpstan-deprecation-rules/zipball/e5ccafb0dd8d835dd65d8d7a1a0d2b1b75414682",
                "reference": "e5ccafb0dd8d835dd65d8d7a1a0d2b1b75414682",
                "shasum": ""
            },
            "require": {
                "php": "^7.1 || ^8.0",
                "phpstan/phpstan": "^1.0"
            },
            "require-dev": {
                "php-parallel-lint/php-parallel-lint": "^1.2",
                "phpstan/phpstan-phpunit": "^1.0",
                "phpunit/phpunit": "^9.5"
            },
            "type": "phpstan-extension",
            "extra": {
                "branch-alias": {
                    "dev-master": "1.0-dev"
                },
                "phpstan": {
                    "includes": [
                        "rules.neon"
                    ]
                }
            },
            "autoload": {
                "psr-4": {
                    "PHPStan\\": "src/"
                }
            },
            "notification-url": "https://packagist.org/downloads/",
            "license": [
                "MIT"
            ],
            "description": "PHPStan rules for detecting usage of deprecated classes, methods, properties, constants and traits.",
            "support": {
                "issues": "https://github.com/phpstan/phpstan-deprecation-rules/issues",
                "source": "https://github.com/phpstan/phpstan-deprecation-rules/tree/1.0.0"
            },
            "time": "2021-09-23T11:02:21+00:00"
        },
        {
            "name": "symfony/finder",
            "version": "v6.1.3",
            "source": {
                "type": "git",
                "url": "https://github.com/symfony/finder.git",
                "reference": "39696bff2c2970b3779a5cac7bf9f0b88fc2b709"
            },
            "dist": {
                "type": "zip",
                "url": "https://api.github.com/repos/symfony/finder/zipball/39696bff2c2970b3779a5cac7bf9f0b88fc2b709",
                "reference": "39696bff2c2970b3779a5cac7bf9f0b88fc2b709",
                "shasum": ""
            },
            "require": {
                "php": ">=8.1"
            },
            "require-dev": {
                "symfony/filesystem": "^6.0"
            },
            "type": "library",
            "autoload": {
                "psr-4": {
                    "Symfony\\Component\\Finder\\": ""
                },
                "exclude-from-classmap": [
                    "/Tests/"
                ]
            },
            "notification-url": "https://packagist.org/downloads/",
            "license": [
                "MIT"
            ],
            "authors": [
                {
                    "name": "Fabien Potencier",
                    "email": "fabien@symfony.com"
                },
                {
                    "name": "Symfony Community",
                    "homepage": "https://symfony.com/contributors"
                }
            ],
            "description": "Finds files and directories via an intuitive fluent interface",
            "homepage": "https://symfony.com",
            "support": {
                "source": "https://github.com/symfony/finder/tree/v6.1.3"
            },
            "funding": [
                {
                    "url": "https://symfony.com/sponsor",
                    "type": "custom"
                },
                {
                    "url": "https://github.com/fabpot",
                    "type": "github"
                },
                {
                    "url": "https://tidelift.com/funding/github/packagist/symfony/symfony",
                    "type": "tidelift"
                }
            ],
            "time": "2022-07-29T07:42:06+00:00"
        }
    ],
    "packages-dev": [],
    "aliases": [],
    "minimum-stability": "stable",
    "stability-flags": [],
    "prefer-stable": false,
    "prefer-lowest": false,
    "platform": [],
    "platform-dev": [],
    "plugin-api-version": "2.3.0"
}
