{
    "_readme": [
        "This file locks the dependencies of your project to a known state",
        "Read more about it at https://getcomposer.org/doc/01-basic-usage.md#installing-dependencies",
        "This file is @generated automatically"
    ],
    "content-hash": "e5bdf1fae5b6a2673e951d9fa09b60bf",
    "packages": [
        {
            "name": "dealerdirect/phpcodesniffer-composer-installer",
            "version": "v1.0.0",
            "source": {
                "type": "git",
                "url": "https://github.com/PHPCSStandards/composer-installer.git",
                "reference": "4be43904336affa5c2f70744a348312336afd0da"
            },
            "dist": {
                "type": "zip",
                "url": "https://api.github.com/repos/PHPCSStandards/composer-installer/zipball/4be43904336affa5c2f70744a348312336afd0da",
                "reference": "4be43904336affa5c2f70744a348312336afd0da",
                "shasum": ""
            },
            "require": {
                "composer-plugin-api": "^1.0 || ^2.0",
                "php": ">=5.4",
                "squizlabs/php_codesniffer": "^2.0 || ^3.1.0 || ^4.0"
            },
            "require-dev": {
                "composer/composer": "*",
                "ext-json": "*",
                "ext-zip": "*",
                "php-parallel-lint/php-parallel-lint": "^1.3.1",
                "phpcompatibility/php-compatibility": "^9.0",
                "yoast/phpunit-polyfills": "^1.0"
            },
            "type": "composer-plugin",
            "extra": {
                "class": "PHPCSStandards\\Composer\\Plugin\\Installers\\PHPCodeSniffer\\Plugin"
            },
            "autoload": {
                "psr-4": {
                    "PHPCSStandards\\Composer\\Plugin\\Installers\\PHPCodeSniffer\\": "src/"
                }
            },
            "notification-url": "https://packagist.org/downloads/",
            "license": [
                "MIT"
            ],
            "authors": [
                {
                    "name": "Franck Nijhof",
                    "email": "franck.nijhof@dealerdirect.com",
                    "homepage": "http://www.frenck.nl",
                    "role": "Developer / IT Manager"
                },
                {
                    "name": "Contributors",
                    "homepage": "https://github.com/PHPCSStandards/composer-installer/graphs/contributors"
                }
            ],
            "description": "PHP_CodeSniffer Standards Composer Installer Plugin",
            "homepage": "http://www.dealerdirect.com",
            "keywords": [
                "PHPCodeSniffer",
                "PHP_CodeSniffer",
                "code quality",
                "codesniffer",
                "composer",
                "installer",
                "phpcbf",
                "phpcs",
                "plugin",
                "qa",
                "quality",
                "standard",
                "standards",
                "style guide",
                "stylecheck",
                "tests"
            ],
            "support": {
                "issues": "https://github.com/PHPCSStandards/composer-installer/issues",
                "source": "https://github.com/PHPCSStandards/composer-installer"
            },
            "time": "2023-01-05T11:28:13+00:00"
        },
        {
            "name": "magento/magento-coding-standard",
            "version": "32",
            "source": {
                "type": "git",
                "url": "https://github.com/magento/magento-coding-standard.git",
                "reference": "db2e2e7fa4274a17600129fceec6a06fc2d8357c"
            },
            "dist": {
                "type": "zip",
                "url": "https://api.github.com/repos/magento/magento-coding-standard/zipball/db2e2e7fa4274a17600129fceec6a06fc2d8357c",
                "reference": "db2e2e7fa4274a17600129fceec6a06fc2d8357c",
                "shasum": ""
            },
            "require": {
                "ext-dom": "*",
                "ext-simplexml": "*",
                "php": "~8.1.0 || ~8.2.0",
                "phpcompatibility/php-compatibility": "^9.3",
                "phpcsstandards/phpcsutils": "^1.0.5",
                "rector/rector": "0.17.12",
                "squizlabs/php_codesniffer": "^3.6.1",
                "symfony/polyfill": "^1.16",
                "webonyx/graphql-php": "^15.0"
            },
            "require-dev": {
                "phpunit/phpunit": "^9.5.10",
                "yoast/phpunit-polyfills": "^1.0"
            },
            "type": "phpcodesniffer-standard",
            "autoload": {
                "psr-4": {
                    "Magento2\\": "Magento2/",
                    "Magento2Framework\\": "Magento2Framework/"
                },
                "classmap": [
                    "PHP_CodeSniffer/Tokenizers/"
                ]
            },
            "notification-url": "https://packagist.org/downloads/",
            "license": [
                "OSL-3.0",
                "AFL-3.0"
            ],
            "description": "A set of Magento specific PHP CodeSniffer rules.",
            "support": {
                "issues": "https://github.com/magento/magento-coding-standard/issues",
                "source": "https://github.com/magento/magento-coding-standard/tree/v32"
            },
            "time": "2023-09-06T16:13:50+00:00"
        },
        {
            "name": "phpcompatibility/php-compatibility",
            "version": "9.3.5",
            "source": {
                "type": "git",
                "url": "https://github.com/PHPCompatibility/PHPCompatibility.git",
                "reference": "9fb324479acf6f39452e0655d2429cc0d3914243"
            },
            "dist": {
                "type": "zip",
                "url": "https://api.github.com/repos/PHPCompatibility/PHPCompatibility/zipball/9fb324479acf6f39452e0655d2429cc0d3914243",
                "reference": "9fb324479acf6f39452e0655d2429cc0d3914243",
                "shasum": ""
            },
            "require": {
                "php": ">=5.3",
                "squizlabs/php_codesniffer": "^2.3 || ^3.0.2"
            },
            "conflict": {
                "squizlabs/php_codesniffer": "2.6.2"
            },
            "require-dev": {
                "phpunit/phpunit": "~4.5 || ^5.0 || ^6.0 || ^7.0"
            },
            "suggest": {
                "dealerdirect/phpcodesniffer-composer-installer": "^0.5 || This Composer plugin will sort out the PHPCS 'installed_paths' automatically.",
                "roave/security-advisories": "dev-master || Helps prevent installing dependencies with known security issues."
            },
            "type": "phpcodesniffer-standard",
            "notification-url": "https://packagist.org/downloads/",
            "license": [
                "LGPL-3.0-or-later"
            ],
            "authors": [
                {
                    "name": "Wim Godden",
                    "homepage": "https://github.com/wimg",
                    "role": "lead"
                },
                {
                    "name": "Juliette Reinders Folmer",
                    "homepage": "https://github.com/jrfnl",
                    "role": "lead"
                },
                {
                    "name": "Contributors",
                    "homepage": "https://github.com/PHPCompatibility/PHPCompatibility/graphs/contributors"
                }
            ],
            "description": "A set of sniffs for PHP_CodeSniffer that checks for PHP cross-version compatibility.",
            "homepage": "http://techblog.wimgodden.be/tag/codesniffer/",
            "keywords": [
                "compatibility",
                "phpcs",
                "standards"
            ],
            "support": {
                "issues": "https://github.com/PHPCompatibility/PHPCompatibility/issues",
                "source": "https://github.com/PHPCompatibility/PHPCompatibility"
            },
            "time": "2019-12-27T09:44:58+00:00"
        },
        {
            "name": "phpcsstandards/phpcsutils",
            "version": "1.0.8",
            "source": {
                "type": "git",
                "url": "https://github.com/PHPCSStandards/PHPCSUtils.git",
                "reference": "69465cab9d12454e5e7767b9041af0cd8cd13be7"
            },
            "dist": {
                "type": "zip",
                "url": "https://api.github.com/repos/PHPCSStandards/PHPCSUtils/zipball/69465cab9d12454e5e7767b9041af0cd8cd13be7",
                "reference": "69465cab9d12454e5e7767b9041af0cd8cd13be7",
                "shasum": ""
            },
            "require": {
                "dealerdirect/phpcodesniffer-composer-installer": "^0.4.1 || ^0.5 || ^0.6.2 || ^0.7 || ^1.0",
                "php": ">=5.4",
                "squizlabs/php_codesniffer": "^3.7.1 || 4.0.x-dev@dev"
            },
            "require-dev": {
                "ext-filter": "*",
                "php-parallel-lint/php-console-highlighter": "^1.0",
                "php-parallel-lint/php-parallel-lint": "^1.3.2",
                "phpcsstandards/phpcsdevcs": "^1.1.6",
                "yoast/phpunit-polyfills": "^1.0.5 || ^2.0.0"
            },
            "type": "phpcodesniffer-standard",
            "extra": {
                "branch-alias": {
                    "dev-stable": "1.x-dev",
                    "dev-develop": "1.x-dev"
                }
            },
            "autoload": {
                "classmap": [
                    "PHPCSUtils/"
                ]
            },
            "notification-url": "https://packagist.org/downloads/",
            "license": [
                "LGPL-3.0-or-later"
            ],
            "authors": [
                {
                    "name": "Juliette Reinders Folmer",
                    "homepage": "https://github.com/jrfnl",
                    "role": "lead"
                },
                {
                    "name": "Contributors",
                    "homepage": "https://github.com/PHPCSStandards/PHPCSUtils/graphs/contributors"
                }
            ],
            "description": "A suite of utility functions for use with PHP_CodeSniffer",
            "homepage": "https://phpcsutils.com/",
            "keywords": [
                "PHP_CodeSniffer",
                "phpcbf",
                "phpcodesniffer-standard",
                "phpcs",
                "phpcs3",
                "standards",
                "static analysis",
                "tokens",
                "utility"
            ],
            "support": {
                "docs": "https://phpcsutils.com/",
                "issues": "https://github.com/PHPCSStandards/PHPCSUtils/issues",
                "source": "https://github.com/PHPCSStandards/PHPCSUtils"
            },
            "time": "2023-07-16T21:39:41+00:00"
        },
        {
            "name": "phpstan/phpstan",
            "version": "1.10.35",
            "source": {
                "type": "git",
                "url": "https://github.com/phpstan/phpstan.git",
                "reference": "e730e5facb75ffe09dfb229795e8c01a459f26c3"
            },
            "dist": {
                "type": "zip",
                "url": "https://api.github.com/repos/phpstan/phpstan/zipball/e730e5facb75ffe09dfb229795e8c01a459f26c3",
                "reference": "e730e5facb75ffe09dfb229795e8c01a459f26c3",
                "shasum": ""
            },
            "require": {
                "php": "^7.2|^8.0"
            },
            "conflict": {
                "phpstan/phpstan-shim": "*"
            },
            "bin": [
                "phpstan",
                "phpstan.phar"
            ],
            "type": "library",
            "autoload": {
                "files": [
                    "bootstrap.php"
                ]
            },
            "notification-url": "https://packagist.org/downloads/",
            "license": [
                "MIT"
            ],
            "description": "PHPStan - PHP Static Analysis Tool",
            "keywords": [
                "dev",
                "static analysis"
            ],
            "support": {
                "docs": "https://phpstan.org/user-guide/getting-started",
                "forum": "https://github.com/phpstan/phpstan/discussions",
                "issues": "https://github.com/phpstan/phpstan/issues",
                "security": "https://github.com/phpstan/phpstan/security/policy",
                "source": "https://github.com/phpstan/phpstan-src"
            },
            "funding": [
                {
                    "url": "https://github.com/ondrejmirtes",
                    "type": "github"
                },
                {
                    "url": "https://github.com/phpstan",
                    "type": "github"
                },
                {
                    "url": "https://tidelift.com/funding/github/packagist/phpstan/phpstan",
                    "type": "tidelift"
                }
            ],
            "time": "2023-09-19T15:27:56+00:00"
        },
        {
            "name": "rector/rector",
            "version": "0.17.12",
            "source": {
                "type": "git",
                "url": "https://github.com/rectorphp/rector.git",
                "reference": "af3a14a8a9fffa3100b730571c356f6c658d5e09"
            },
            "dist": {
                "type": "zip",
                "url": "https://api.github.com/repos/rectorphp/rector/zipball/af3a14a8a9fffa3100b730571c356f6c658d5e09",
                "reference": "af3a14a8a9fffa3100b730571c356f6c658d5e09",
                "shasum": ""
            },
            "require": {
                "php": "^7.2|^8.0",
                "phpstan/phpstan": "^1.10.26"
            },
            "conflict": {
                "rector/rector-doctrine": "*",
                "rector/rector-downgrade-php": "*",
                "rector/rector-phpunit": "*",
                "rector/rector-symfony": "*"
            },
            "bin": [
                "bin/rector"
            ],
            "type": "library",
            "autoload": {
                "files": [
                    "bootstrap.php"
                ]
            },
            "notification-url": "https://packagist.org/downloads/",
            "license": [
                "MIT"
            ],
            "description": "Instant Upgrade and Automated Refactoring of any PHP code",
            "keywords": [
                "automation",
                "dev",
                "migration",
                "refactoring"
            ],
            "support": {
                "issues": "https://github.com/rectorphp/rector/issues",
                "source": "https://github.com/rectorphp/rector/tree/0.17.12"
            },
            "funding": [
                {
                    "url": "https://github.com/tomasvotruba",
                    "type": "github"
                }
            ],
            "time": "2023-08-10T15:22:02+00:00"
        },
        {
            "name": "squizlabs/php_codesniffer",
            "version": "3.7.2",
            "source": {
                "type": "git",
                "url": "https://github.com/squizlabs/PHP_CodeSniffer.git",
                "reference": "ed8e00df0a83aa96acf703f8c2979ff33341f879"
            },
            "dist": {
                "type": "zip",
                "url": "https://api.github.com/repos/squizlabs/PHP_CodeSniffer/zipball/ed8e00df0a83aa96acf703f8c2979ff33341f879",
                "reference": "ed8e00df0a83aa96acf703f8c2979ff33341f879",
                "shasum": ""
            },
            "require": {
                "ext-simplexml": "*",
                "ext-tokenizer": "*",
                "ext-xmlwriter": "*",
                "php": ">=5.4.0"
            },
            "require-dev": {
                "phpunit/phpunit": "^4.0 || ^5.0 || ^6.0 || ^7.0"
            },
            "bin": [
                "bin/phpcs",
                "bin/phpcbf"
            ],
            "type": "library",
            "extra": {
                "branch-alias": {
                    "dev-master": "3.x-dev"
                }
            },
            "notification-url": "https://packagist.org/downloads/",
            "license": [
                "BSD-3-Clause"
            ],
            "authors": [
                {
                    "name": "Greg Sherwood",
                    "role": "lead"
                }
            ],
            "description": "PHP_CodeSniffer tokenizes PHP, JavaScript and CSS files and detects violations of a defined set of coding standards.",
            "homepage": "https://github.com/squizlabs/PHP_CodeSniffer",
            "keywords": [
                "phpcs",
                "standards",
                "static analysis"
            ],
            "support": {
                "issues": "https://github.com/squizlabs/PHP_CodeSniffer/issues",
                "source": "https://github.com/squizlabs/PHP_CodeSniffer",
                "wiki": "https://github.com/squizlabs/PHP_CodeSniffer/wiki"
            },
            "time": "2023-02-22T23:07:41+00:00"
        },
        {
            "name": "symfony/polyfill",
            "version": "v1.28.0",
            "source": {
                "type": "git",
                "url": "https://github.com/symfony/polyfill.git",
                "reference": "33def419104fb3cf14be4e8638683eb9845c2522"
            },
            "dist": {
                "type": "zip",
                "url": "https://api.github.com/repos/symfony/polyfill/zipball/33def419104fb3cf14be4e8638683eb9845c2522",
                "reference": "33def419104fb3cf14be4e8638683eb9845c2522",
                "shasum": ""
            },
            "require": {
                "php": ">=7.1"
            },
            "replace": {
                "symfony/polyfill-apcu": "self.version",
                "symfony/polyfill-ctype": "self.version",
                "symfony/polyfill-iconv": "self.version",
                "symfony/polyfill-intl-grapheme": "self.version",
                "symfony/polyfill-intl-icu": "self.version",
                "symfony/polyfill-intl-idn": "self.version",
                "symfony/polyfill-intl-messageformatter": "self.version",
                "symfony/polyfill-intl-normalizer": "self.version",
                "symfony/polyfill-mbstring": "self.version",
                "symfony/polyfill-php72": "self.version",
                "symfony/polyfill-php73": "self.version",
                "symfony/polyfill-php74": "self.version",
                "symfony/polyfill-php80": "self.version",
                "symfony/polyfill-php81": "self.version",
                "symfony/polyfill-php82": "self.version",
                "symfony/polyfill-php83": "self.version",
                "symfony/polyfill-util": "self.version",
                "symfony/polyfill-uuid": "self.version",
                "symfony/polyfill-xml": "self.version"
            },
            "require-dev": {
                "symfony/intl": "^4.4|^5.0|^6.0",
                "symfony/phpunit-bridge": "^5.3|^6.0",
                "symfony/var-dumper": "^4.4|^5.1|^6.0"
            },
            "type": "library",
            "autoload": {
                "files": [
                    "src/bootstrap.php",
                    "src/Apcu/bootstrap.php",
                    "src/Ctype/bootstrap.php",
                    "src/Uuid/bootstrap.php",
                    "src/Iconv/bootstrap.php",
                    "src/Intl/Grapheme/bootstrap.php",
                    "src/Intl/Idn/bootstrap.php",
                    "src/Intl/Icu/bootstrap.php",
                    "src/Intl/MessageFormatter/bootstrap.php",
                    "src/Intl/Normalizer/bootstrap.php",
                    "src/Mbstring/bootstrap.php"
                ],
                "psr-4": {
                    "Symfony\\Polyfill\\": "src/"
                },
                "classmap": [
                    "src/Intl/Icu/Resources/stubs",
                    "src/Intl/MessageFormatter/Resources/stubs",
                    "src/Intl/Normalizer/Resources/stubs",
                    "src/Php83/Resources/stubs",
                    "src/Php82/Resources/stubs",
                    "src/Php81/Resources/stubs",
                    "src/Php80/Resources/stubs",
                    "src/Php73/Resources/stubs"
                ]
            },
            "notification-url": "https://packagist.org/downloads/",
            "license": [
                "MIT"
            ],
            "authors": [
                {
                    "name": "Nicolas Grekas",
                    "email": "p@tchwork.com"
                },
                {
                    "name": "Symfony Community",
                    "homepage": "https://symfony.com/contributors"
                }
            ],
            "description": "Symfony polyfills backporting features to lower PHP versions",
            "homepage": "https://symfony.com",
            "keywords": [
                "compat",
                "compatibility",
                "polyfill",
                "shim"
            ],
            "support": {
                "issues": "https://github.com/symfony/polyfill/issues",
                "source": "https://github.com/symfony/polyfill/tree/v1.28.0"
            },
            "funding": [
                {
                    "url": "https://symfony.com/sponsor",
                    "type": "custom"
                },
                {
                    "url": "https://github.com/fabpot",
                    "type": "github"
                },
                {
                    "url": "https://tidelift.com/funding/github/packagist/symfony/symfony",
                    "type": "tidelift"
                }
            ],
            "time": "2023-08-25T17:27:34+00:00"
        },
        {
            "name": "webonyx/graphql-php",
            "version": "v15.6.3",
            "source": {
                "type": "git",
                "url": "https://github.com/webonyx/graphql-php.git",
                "reference": "3f045a4626d179ea6462e1a11744619860b55eb8"
            },
            "dist": {
                "type": "zip",
                "url": "https://api.github.com/repos/webonyx/graphql-php/zipball/3f045a4626d179ea6462e1a11744619860b55eb8",
                "reference": "3f045a4626d179ea6462e1a11744619860b55eb8",
                "shasum": ""
            },
            "require": {
                "ext-json": "*",
                "ext-mbstring": "*",
                "php": "^7.4 || ^8"
            },
            "require-dev": {
                "amphp/amp": "^2.6",
                "amphp/http-server": "^2.1",
                "dms/phpunit-arraysubset-asserts": "dev-master",
                "ergebnis/composer-normalize": "^2.28",
                "mll-lab/php-cs-fixer-config": "^5",
                "nyholm/psr7": "^1.5",
                "phpbench/phpbench": "^1.2",
                "phpstan/extension-installer": "^1.1",
                "phpstan/phpstan": "1.10.32",
                "phpstan/phpstan-phpunit": "1.3.14",
                "phpstan/phpstan-strict-rules": "1.5.1",
                "phpunit/phpunit": "^9.5 || ^10",
                "psr/http-message": "^1 || ^2",
                "react/http": "^1.6",
                "react/promise": "^2.9",
                "rector/rector": "^0.18",
                "symfony/polyfill-php81": "^1.23",
                "symfony/var-exporter": "^5 || ^6",
                "thecodingmachine/safe": "^1.3 || ^2"
            },
            "suggest": {
                "amphp/http-server": "To leverage async resolving with webserver on AMPHP platform",
                "psr/http-message": "To use standard GraphQL server",
                "react/promise": "To leverage async resolving on React PHP platform"
            },
            "type": "library",
            "autoload": {
                "psr-4": {
                    "GraphQL\\": "src/"
                }
            },
            "notification-url": "https://packagist.org/downloads/",
            "license": [
                "MIT"
            ],
            "description": "A PHP port of GraphQL reference implementation",
            "homepage": "https://github.com/webonyx/graphql-php",
            "keywords": [
                "api",
                "graphql"
            ],
            "support": {
                "issues": "https://github.com/webonyx/graphql-php/issues",
                "source": "https://github.com/webonyx/graphql-php/tree/v15.6.3"
            },
            "funding": [
                {
                    "url": "https://opencollective.com/webonyx-graphql-php",
                    "type": "open_collective"
                }
            ],
            "time": "2023-09-01T08:13:33+00:00"
        }
    ],
    "packages-dev": [],
    "aliases": [],
    "minimum-stability": "stable",
    "stability-flags": [],
    "prefer-stable": false,
    "prefer-lowest": false,
    "platform": [],
    "platform-dev": [],
    "plugin-api-version": "2.6.0"
}
